
Microsoft Visual Studio Solution File, Format Version 12.00
# Visual Studio 2013
VisualStudioVersion = 12.0.31101.0
MinimumVisualStudioVersion = 10.0.40219.1
Project("{FAE04EC0-301F-11D3-BF4B-00C04F79EFBC}") = "2.3.1", "2.3.1\2.3.1.csproj", "{616E6647-9E05-4978-8186-DAE80B2DC297}"
EndProject
Project("{FAE04EC0-301F-11D3-BF4B-00C04F79EFBC}") = "2.3.2", "..\2.3.2\2.3.2.csproj", "{B58AAD4E-3D9F-4AD4-BB6F-CFF9317E8B3B}"
EndProject
Project("{FAE04EC0-301F-11D3-BF4B-00C04F79EFBC}") = "2.3.3", "..\2.3.3\2.3.3.csproj", "{62E4178F-4177-4A91-953C-673955235586}"
EndProject
Project("{FAE04EC0-301F-11D3-BF4B-00C04F79EFBC}") = "2.3.4", "..\2.3.4\2.3.4.csproj", "{8655564B-AED3-48D2-8468-C60A151D7549}"
EndProject
Global
	GlobalSection(SolutionConfigurationPlatforms) = preSolution
		Debug|Any CPU = Debug|Any CPU
		Release|Any CPU = Release|Any CPU
	EndGlobalSection
	GlobalSection(ProjectConfigurationPlatforms) = postSolution
		{616E6647-9E05-4978-8186-DAE80B2DC297}.Debug|Any CPU.ActiveCfg = Debug|Any CPU
		{616E6647-9E05-4978-8186-DAE80B2DC297}.Debug|Any CPU.Build.0 = Debug|Any CPU
		{616E6647-9E05-4978-8186-DAE80B2DC297}.Release|Any CPU.ActiveCfg = Release|Any CPU
		{616E6647-9E05-4978-8186-DAE80B2DC297}.Release|Any CPU.Build.0 = Release|Any CPU
		{B58AAD4E-3D9F-4AD4-BB6F-CFF9317E8B3B}.Debug|Any CPU.ActiveCfg = Debug|Any CPU
		{B58AAD4E-3D9F-4AD4-BB6F-CFF9317E8B3B}.Debug|Any CPU.Build.0 = Debug|Any CPU
		{B58AAD4E-3D9F-4AD4-BB6F-CFF9317E8B3B}.Release|Any CPU.ActiveCfg = Release|Any CPU
		{B58AAD4E-3D9F-4AD4-BB6F-CFF9317E8B3B}.Release|Any CPU.Build.0 = Release|Any CPU
		{62E4178F-4177-4A91-953C-673955235586}.Debug|Any CPU.ActiveCfg = Debug|Any CPU
		{62E4178F-4177-4A91-953C-673955235586}.Debug|Any CPU.Build.0 = Debug|Any CPU
		{62E4178F-4177-4A91-953C-673955235586}.Release|Any CPU.ActiveCfg = Release|Any CPU
		{62E4178F-4177-4A91-953C-673955235586}.Release|Any CPU.Build.0 = Release|Any CPU
		{8655564B-AED3-48D2-8468-C60A151D7549}.Debug|Any CPU.ActiveCfg = Debug|Any CPU
		{8655564B-AED3-48D2-8468-C60A151D7549}.Debug|Any CPU.Build.0 = Debug|Any CPU
		{8655564B-AED3-48D2-8468-C60A151D7549}.Release|Any CPU.ActiveCfg = Release|Any CPU
		{8655564B-AED3-48D2-8468-C60A151D7549}.Release|Any CPU.Build.0 = Release|Any CPU
	EndGlobalSection
	GlobalSection(SolutionProperties) = preSolution
		HideSolutionNode = FALSE
	EndGlobalSection
EndGlobal
