
Microsoft Visual Studio Solution File, Format Version 12.00
# Visual Studio 2013
VisualStudioVersion = 12.0.31101.0
MinimumVisualStudioVersion = 10.0.40219.1
Project("{FAE04EC0-301F-11D3-BF4B-00C04F79EFBC}") = "3.1.1", "3.1.1\3.1.1.csproj", "{F28A8FB2-03F7-4900-A3CE-3197BA24D7F9}"
EndProject
Project("{FAE04EC0-301F-11D3-BF4B-00C04F79EFBC}") = "3.1.2", "3.1.2\3.1.2.csproj", "{53BC9CCC-B302-48DA-BD48-FED2E83D63CF}"
EndProject
Project("{FAE04EC0-301F-11D3-BF4B-00C04F79EFBC}") = "3.1.3", "3.1.3\3.1.3.csproj", "{2F9B7A81-3D52-4C29-993C-572F52B26CF2}"
EndProject
Project("{FAE04EC0-301F-11D3-BF4B-00C04F79EFBC}") = "3.1.4", "3.1.4\3.1.4.csproj", "{8F149042-84C5-4960-9AC9-4830786EAEDF}"
EndProject
Project("{FAE04EC0-301F-11D3-BF4B-00C04F79EFBC}") = "3.1.5", "3.1.5\3.1.5.csproj", "{5DE58646-636B-4A48-AA82-81EA340BB2D2}"
EndProject
Project("{FAE04EC0-301F-11D3-BF4B-00C04F79EFBC}") = "3.1.7", "3.1.7\3.1.7.csproj", "{14C181F6-AC1F-4C83-A1B9-5D39E4D19211}"
EndProject
Project("{FAE04EC0-301F-11D3-BF4B-00C04F79EFBC}") = "3.1.8", "3.1.8\3.1.8.csproj", "{261009C8-6A45-4120-884D-608988B33241}"
EndProject
Project("{FAE04EC0-301F-11D3-BF4B-00C04F79EFBC}") = "3.1.9", "3.1.9\3.1.9.csproj", "{A5C0F746-C06D-4823-9629-C17A19DC6816}"
EndProject
Project("{FAE04EC0-301F-11D3-BF4B-00C04F79EFBC}") = "3.1.10", "3.1.10\3.1.10.csproj", "{42A97A80-E269-45BE-BCD4-F33097516098}"
EndProject
Project("{FAE04EC0-301F-11D3-BF4B-00C04F79EFBC}") = "3.1.11", "3.1.11\3.1.11.csproj", "{B380886D-651A-46D5-B206-BA34E7308C4B}"
EndProject
Project("{FAE04EC0-301F-11D3-BF4B-00C04F79EFBC}") = "3.1.6.Server", "3.1.6.Server\3.1.6.Server.csproj", "{7DCF3A94-4D6A-4A66-A59C-317202100354}"
EndProject
Project("{FAE04EC0-301F-11D3-BF4B-00C04F79EFBC}") = "3.1.6.Client", "3.1.6.Client\3.1.6.Client.csproj", "{1F3D83DB-0074-423B-A855-7ED1EA08D670}"
EndProject
Global
	GlobalSection(SolutionConfigurationPlatforms) = preSolution
		Debug|Any CPU = Debug|Any CPU
		Release|Any CPU = Release|Any CPU
	EndGlobalSection
	GlobalSection(ProjectConfigurationPlatforms) = postSolution
		{F28A8FB2-03F7-4900-A3CE-3197BA24D7F9}.Debug|Any CPU.ActiveCfg = Debug|Any CPU
		{F28A8FB2-03F7-4900-A3CE-3197BA24D7F9}.Debug|Any CPU.Build.0 = Debug|Any CPU
		{F28A8FB2-03F7-4900-A3CE-3197BA24D7F9}.Release|Any CPU.ActiveCfg = Release|Any CPU
		{F28A8FB2-03F7-4900-A3CE-3197BA24D7F9}.Release|Any CPU.Build.0 = Release|Any CPU
		{53BC9CCC-B302-48DA-BD48-FED2E83D63CF}.Debug|Any CPU.ActiveCfg = Debug|Any CPU
		{53BC9CCC-B302-48DA-BD48-FED2E83D63CF}.Debug|Any CPU.Build.0 = Debug|Any CPU
		{53BC9CCC-B302-48DA-BD48-FED2E83D63CF}.Release|Any CPU.ActiveCfg = Release|Any CPU
		{53BC9CCC-B302-48DA-BD48-FED2E83D63CF}.Release|Any CPU.Build.0 = Release|Any CPU
		{2F9B7A81-3D52-4C29-993C-572F52B26CF2}.Debug|Any CPU.ActiveCfg = Debug|Any CPU
		{2F9B7A81-3D52-4C29-993C-572F52B26CF2}.Debug|Any CPU.Build.0 = Debug|Any CPU
		{2F9B7A81-3D52-4C29-993C-572F52B26CF2}.Release|Any CPU.ActiveCfg = Release|Any CPU
		{2F9B7A81-3D52-4C29-993C-572F52B26CF2}.Release|Any CPU.Build.0 = Release|Any CPU
		{8F149042-84C5-4960-9AC9-4830786EAEDF}.Debug|Any CPU.ActiveCfg = Debug|Any CPU
		{8F149042-84C5-4960-9AC9-4830786EAEDF}.Debug|Any CPU.Build.0 = Debug|Any CPU
		{8F149042-84C5-4960-9AC9-4830786EAEDF}.Release|Any CPU.ActiveCfg = Release|Any CPU
		{8F149042-84C5-4960-9AC9-4830786EAEDF}.Release|Any CPU.Build.0 = Release|Any CPU
		{5DE58646-636B-4A48-AA82-81EA340BB2D2}.Debug|Any CPU.ActiveCfg = Debug|Any CPU
		{5DE58646-636B-4A48-AA82-81EA340BB2D2}.Debug|Any CPU.Build.0 = Debug|Any CPU
		{5DE58646-636B-4A48-AA82-81EA340BB2D2}.Release|Any CPU.ActiveCfg = Release|Any CPU
		{5DE58646-636B-4A48-AA82-81EA340BB2D2}.Release|Any CPU.Build.0 = Release|Any CPU
		{14C181F6-AC1F-4C83-A1B9-5D39E4D19211}.Debug|Any CPU.ActiveCfg = Debug|Any CPU
		{14C181F6-AC1F-4C83-A1B9-5D39E4D19211}.Debug|Any CPU.Build.0 = Debug|Any CPU
		{14C181F6-AC1F-4C83-A1B9-5D39E4D19211}.Release|Any CPU.ActiveCfg = Release|Any CPU
		{14C181F6-AC1F-4C83-A1B9-5D39E4D19211}.Release|Any CPU.Build.0 = Release|Any CPU
		{261009C8-6A45-4120-884D-608988B33241}.Debug|Any CPU.ActiveCfg = Debug|Any CPU
		{261009C8-6A45-4120-884D-608988B33241}.Debug|Any CPU.Build.0 = Debug|Any CPU
		{261009C8-6A45-4120-884D-608988B33241}.Release|Any CPU.ActiveCfg = Release|Any CPU
		{261009C8-6A45-4120-884D-608988B33241}.Release|Any CPU.Build.0 = Release|Any CPU
		{A5C0F746-C06D-4823-9629-C17A19DC6816}.Debug|Any CPU.ActiveCfg = Debug|Any CPU
		{A5C0F746-C06D-4823-9629-C17A19DC6816}.Debug|Any CPU.Build.0 = Debug|Any CPU
		{A5C0F746-C06D-4823-9629-C17A19DC6816}.Release|Any CPU.ActiveCfg = Release|Any CPU
		{A5C0F746-C06D-4823-9629-C17A19DC6816}.Release|Any CPU.Build.0 = Release|Any CPU
		{42A97A80-E269-45BE-BCD4-F33097516098}.Debug|Any CPU.ActiveCfg = Debug|Any CPU
		{42A97A80-E269-45BE-BCD4-F33097516098}.Debug|Any CPU.Build.0 = Debug|Any CPU
		{42A97A80-E269-45BE-BCD4-F33097516098}.Release|Any CPU.ActiveCfg = Release|Any CPU
		{42A97A80-E269-45BE-BCD4-F33097516098}.Release|Any CPU.Build.0 = Release|Any CPU
		{B380886D-651A-46D5-B206-BA34E7308C4B}.Debug|Any CPU.ActiveCfg = Debug|Any CPU
		{B380886D-651A-46D5-B206-BA34E7308C4B}.Debug|Any CPU.Build.0 = Debug|Any CPU
		{B380886D-651A-46D5-B206-BA34E7308C4B}.Release|Any CPU.ActiveCfg = Release|Any CPU
		{B380886D-651A-46D5-B206-BA34E7308C4B}.Release|Any CPU.Build.0 = Release|Any CPU
		{7DCF3A94-4D6A-4A66-A59C-317202100354}.Debug|Any CPU.ActiveCfg = Debug|Any CPU
		{7DCF3A94-4D6A-4A66-A59C-317202100354}.Debug|Any CPU.Build.0 = Debug|Any CPU
		{7DCF3A94-4D6A-4A66-A59C-317202100354}.Release|Any CPU.ActiveCfg = Release|Any CPU
		{7DCF3A94-4D6A-4A66-A59C-317202100354}.Release|Any CPU.Build.0 = Release|Any CPU
		{1F3D83DB-0074-423B-A855-7ED1EA08D670}.Debug|Any CPU.ActiveCfg = Debug|Any CPU
		{1F3D83DB-0074-423B-A855-7ED1EA08D670}.Debug|Any CPU.Build.0 = Debug|Any CPU
		{1F3D83DB-0074-423B-A855-7ED1EA08D670}.Release|Any CPU.ActiveCfg = Release|Any CPU
		{1F3D83DB-0074-423B-A855-7ED1EA08D670}.Release|Any CPU.Build.0 = Release|Any CPU
	EndGlobalSection
	GlobalSection(SolutionProperties) = preSolution
		HideSolutionNode = FALSE
	EndGlobalSection
EndGlobal
